// !$*UTF8*$!
{
	archiveVersion = 1;
	classes = {
	};
	objectVersion = 56;
	objects = {

/* Begin PBXBuildFile section */
		100000000000000000000001 /* InnercastApp.swift in Sources */ = {isa = PBXBuildFile; fileRef = 200000000000000000000001 /* InnercastApp.swift */; };
		100000000000000000000002 /* ContentView.swift in Sources */ = {isa = PBXBuildFile; fileRef = 200000000000000000000002 /* ContentView.swift */; };
		100000000000000000000003 /* AudioProofController.swift in Sources */ = {isa = PBXBuildFile; fileRef = 200000000000000000000003 /* AudioProofController.swift */; };
		100000000000000000000004 /* AudioSessionMode.swift in Sources */ = {isa = PBXBuildFile; fileRef = 200000000000000000000004 /* AudioSessionMode.swift */; };
		100000000000000000000005 /* Assets.xcassets in Resources */ = {isa = PBXBuildFile; fileRef = 200000000000000000000005 /* Assets.xcassets */; };
		100000000000000000000006 /* LoopbackServer.swift in Sources */ = {isa = PBXBuildFile; fileRef = 200000000000000000000008 /* LoopbackServer.swift */; };
		100000000000000000000007 /* NativeBridge.swift in Sources */ = {isa = PBXBuildFile; fileRef = 200000000000000000000009 /* NativeBridge.swift */; };
		100000000000000000000008 /* NativeAudioPipeline.swift in Sources */ = {isa = PBXBuildFile; fileRef = 200000000000000000000010 /* NativeAudioPipeline.swift */; };
		100000000000000000000009 /* NativeSessionRepository.swift in Sources */ = {isa = PBXBuildFile; fileRef = 200000000000000000000011 /* NativeSessionRepository.swift */; };
		100000000000000000000010 /* index.html in Resources */ = {isa = PBXBuildFile; fileRef = 200000000000000000000012 /* index.html */; };
		100000000000000000000011 /* styles.css in Resources */ = {isa = PBXBuildFile; fileRef = 200000000000000000000013 /* styles.css */; };
		100000000000000000000012 /* manifest.webmanifest in Resources */ = {isa = PBXBuildFile; fileRef = 200000000000000000000014 /* manifest.webmanifest */; };
		100000000000000000000013 /* service-worker.js in Resources */ = {isa = PBXBuildFile; fileRef = 200000000000000000000015 /* service-worker.js */; };
		100000000000000000000014 /* app in Resources */ = {isa = PBXBuildFile; fileRef = 200000000000000000000016 /* app */; };
		100000000000000000000015 /* assets in Resources */ = {isa = PBXBuildFile; fileRef = 200000000000000000000017 /* assets */; };
/* End PBXBuildFile section */

/* Begin PBXFileReference section */
		200000000000000000000001 /* InnercastApp.swift */ = {isa = PBXFileReference; lastKnownFileType = sourcecode.swift; path = InnercastApp.swift; sourceTree = "<group>"; };
		200000000000000000000002 /* ContentView.swift */ = {isa = PBXFileReference; lastKnownFileType = sourcecode.swift; path = ContentView.swift; sourceTree = "<group>"; };
		200000000000000000000003 /* AudioProofController.swift */ = {isa = PBXFileReference; lastKnownFileType = sourcecode.swift; path = AudioProofController.swift; sourceTree = "<group>"; };
		200000000000000000000004 /* AudioSessionMode.swift */ = {isa = PBXFileReference; lastKnownFileType = sourcecode.swift; path = AudioSessionMode.swift; sourceTree = "<group>"; };
		200000000000000000000005 /* Assets.xcassets */ = {isa = PBXFileReference; lastKnownFileType = folder.assetcatalog; path = Assets.xcassets; sourceTree = "<group>"; };
		200000000000000000000006 /* Info.plist */ = {isa = PBXFileReference; lastKnownFileType = text.plist.xml; path = Info.plist; sourceTree = "<group>"; };
		200000000000000000000007 /* Innercast.app */ = {isa = PBXFileReference; explicitFileType = wrapper.application; includeInIndex = 0; path = Innercast.app; sourceTree = BUILT_PRODUCTS_DIR; };
		200000000000000000000008 /* LoopbackServer.swift */ = {isa = PBXFileReference; lastKnownFileType = sourcecode.swift; path = LoopbackServer.swift; sourceTree = "<group>"; };
		200000000000000000000009 /* NativeBridge.swift */ = {isa = PBXFileReference; lastKnownFileType = sourcecode.swift; path = NativeBridge.swift; sourceTree = "<group>"; };
		200000000000000000000010 /* NativeAudioPipeline.swift */ = {isa = PBXFileReference; lastKnownFileType = sourcecode.swift; path = NativeAudioPipeline.swift; sourceTree = "<group>"; };
		200000000000000000000011 /* NativeSessionRepository.swift */ = {isa = PBXFileReference; lastKnownFileType = sourcecode.swift; path = NativeSessionRepository.swift; sourceTree = "<group>"; };
		200000000000000000000012 /* index.html */ = {isa = PBXFileReference; lastKnownFileType = text.html; name = index.html; path = ../index.html; sourceTree = SOURCE_ROOT; };
		200000000000000000000013 /* styles.css */ = {isa = PBXFileReference; lastKnownFileType = text.css; name = styles.css; path = ../styles.css; sourceTree = SOURCE_ROOT; };
		200000000000000000000014 /* manifest.webmanifest */ = {isa = PBXFileReference; lastKnownFileType = text.json; name = manifest.webmanifest; path = ../manifest.webmanifest; sourceTree = SOURCE_ROOT; };
		200000000000000000000015 /* service-worker.js */ = {isa = PBXFileReference; lastKnownFileType = sourcecode.javascript; name = "service-worker.js"; path = "../service-worker.js"; sourceTree = SOURCE_ROOT; };
		200000000000000000000016 /* app */ = {isa = PBXFileReference; lastKnownFileType = folder; name = app; path = ../app; sourceTree = SOURCE_ROOT; };
		200000000000000000000017 /* assets */ = {isa = PBXFileReference; lastKnownFileType = folder; name = assets; path = ../assets; sourceTree = SOURCE_ROOT; };
		200000000000000000000018 /* Signing.xcconfig */ = {isa = PBXFileReference; lastKnownFileType = text.xcconfig; path = Signing.xcconfig; sourceTree = "<group>"; };
		200000000000000000000019 /* Signing.local.example.xcconfig */ = {isa = PBXFileReference; lastKnownFileType = text.xcconfig; path = Signing.local.example.xcconfig; sourceTree = "<group>"; };
/* End PBXFileReference section */

/* Begin PBXFrameworksBuildPhase section */
		300000000000000000000001 /* Frameworks */ = {
			isa = PBXFrameworksBuildPhase;
			buildActionMask = 2147483647;
			files = (
			);
			runOnlyForDeploymentPostprocessing = 0;
		};
/* End PBXFrameworksBuildPhase section */

/* Begin PBXGroup section */
		400000000000000000000001 = {
			isa = PBXGroup;
			children = (
				400000000000000000000002 /* Innercast */,
				400000000000000000000005 /* Config */,
				400000000000000000000004 /* Shared Web App */,
				400000000000000000000003 /* Products */,
			);
			sourceTree = "<group>";
		};
		400000000000000000000002 /* Innercast */ = {
			isa = PBXGroup;
			children = (
				200000000000000000000001 /* InnercastApp.swift */,
				200000000000000000000002 /* ContentView.swift */,
				200000000000000000000003 /* AudioProofController.swift */,
				200000000000000000000004 /* AudioSessionMode.swift */,
				200000000000000000000008 /* LoopbackServer.swift */,
				200000000000000000000009 /* NativeBridge.swift */,
				200000000000000000000010 /* NativeAudioPipeline.swift */,
				200000000000000000000011 /* NativeSessionRepository.swift */,
				200000000000000000000005 /* Assets.xcassets */,
				200000000000000000000006 /* Info.plist */,
			);
			path = Innercast;
			sourceTree = "<group>";
		};
		400000000000000000000003 /* Products */ = {
			isa = PBXGroup;
			children = (
				200000000000000000000007 /* Innercast.app */,
			);
			name = Products;
			sourceTree = "<group>";
		};
		400000000000000000000004 /* Shared Web App */ = {
			isa = PBXGroup;
			children = (
				200000000000000000000012 /* index.html */,
				200000000000000000000013 /* styles.css */,
				200000000000000000000014 /* manifest.webmanifest */,
				200000000000000000000015 /* service-worker.js */,
				200000000000000000000016 /* app */,
				200000000000000000000017 /* assets */,
			);
			name = "Shared Web App";
			sourceTree = "<group>";
		};
		400000000000000000000005 /* Config */ = {
			isa = PBXGroup;
			children = (
				200000000000000000000018 /* Signing.xcconfig */,
				200000000000000000000019 /* Signing.local.example.xcconfig */,
			);
			path = Config;
			sourceTree = "<group>";
		};
/* End PBXGroup section */

/* Begin PBXNativeTarget section */
		500000000000000000000001 /* Innercast */ = {
			isa = PBXNativeTarget;
			buildConfigurationList = 600000000000000000000002 /* Build configuration list for PBXNativeTarget "Innercast" */;
			buildPhases = (
				300000000000000000000002 /* Sources */,
				300000000000000000000001 /* Frameworks */,
				300000000000000000000003 /* Resources */,
			);
			buildRules = (
			);
			dependencies = (
			);
			name = Innercast;
			productName = Innercast;
			productReference = 200000000000000000000007 /* Innercast.app */;
			productType = "com.apple.product-type.application";
		};
/* End PBXNativeTarget section */

/* Begin PBXProject section */
		500000000000000000000002 /* Project object */ = {
			isa = PBXProject;
			attributes = {
				BuildIndependentTargetsInParallel = 1;
				LastSwiftUpdateCheck = 2660;
				LastUpgradeCheck = 2660;
				TargetAttributes = {
					500000000000000000000001 = {
						CreatedOnToolsVersion = 26.6;
					};
				};
			};
			buildConfigurationList = 600000000000000000000001 /* Build configuration list for PBXProject "Innercast" */;
			compatibilityVersion = "Xcode 14.0";
			developmentRegion = en;
			hasScannedForEncodings = 0;
			knownRegions = (
				en,
				Base,
			);
			mainGroup = 400000000000000000000001;
			productRefGroup = 400000000000000000000003 /* Products */;
			projectDirPath = "";
			projectRoot = "";
			targets = (
				500000000000000000000001 /* Innercast */,
			);
		};
/* End PBXProject section */

/* Begin PBXResourcesBuildPhase section */
		300000000000000000000003 /* Resources */ = {
			isa = PBXResourcesBuildPhase;
			buildActionMask = 2147483647;
			files = (
				100000000000000000000005 /* Assets.xcassets in Resources */,
				100000000000000000000010 /* index.html in Resources */,
				100000000000000000000011 /* styles.css in Resources */,
				100000000000000000000012 /* manifest.webmanifest in Resources */,
				100000000000000000000013 /* service-worker.js in Resources */,
				100000000000000000000014 /* app in Resources */,
				100000000000000000000015 /* assets in Resources */,
			);
			runOnlyForDeploymentPostprocessing = 0;
		};
/* End PBXResourcesBuildPhase section */

/* Begin PBXSourcesBuildPhase section */
		300000000000000000000002 /* Sources */ = {
			isa = PBXSourcesBuildPhase;
			buildActionMask = 2147483647;
			files = (
				100000000000000000000001 /* InnercastApp.swift in Sources */,
				100000000000000000000002 /* ContentView.swift in Sources */,
				100000000000000000000003 /* AudioProofController.swift in Sources */,
				100000000000000000000004 /* AudioSessionMode.swift in Sources */,
				100000000000000000000006 /* LoopbackServer.swift in Sources */,
				100000000000000000000007 /* NativeBridge.swift in Sources */,
				100000000000000000000008 /* NativeAudioPipeline.swift in Sources */,
				100000000000000000000009 /* NativeSessionRepository.swift in Sources */,
			);
			runOnlyForDeploymentPostprocessing = 0;
		};
/* End PBXSourcesBuildPhase section */

/* Begin XCBuildConfiguration section */
		700000000000000000000001 /* Debug */ = {
			isa = XCBuildConfiguration;
			buildSettings = {
				ALWAYS_SEARCH_USER_PATHS = NO;
				CLANG_ANALYZER_NONNULL = YES;
				CLANG_ENABLE_MODULES = YES;
				CLANG_ENABLE_OBJC_ARC = YES;
				CLANG_WARN_BLOCK_CAPTURE_AUTORELEASING = YES;
				CLANG_WARN_BOOL_CONVERSION = YES;
				CLANG_WARN_COMMA = YES;
				CLANG_WARN_CONSTANT_CONVERSION = YES;
				CLANG_WARN_DEPRECATED_OBJC_IMPLEMENTATIONS = YES;
				CLANG_WARN_DIRECT_OBJC_ISA_USAGE = YES_ERROR;
				CLANG_WARN_DOCUMENTATION_COMMENTS = YES;
				CLANG_WARN_EMPTY_BODY = YES;
				CLANG_WARN_ENUM_CONVERSION = YES;
				CLANG_WARN_INFINITE_RECURSION = YES;
				CLANG_WARN_INT_CONVERSION = YES;
				CLANG_WARN_NON_LITERAL_NULL_CONVERSION = YES;
				CLANG_WARN_OBJC_IMPLICIT_RETAIN_SELF = YES;
				CLANG_WARN_OBJC_LITERAL_CONVERSION = YES;
				CLANG_WARN_OBJC_ROOT_CLASS = YES_ERROR;
				CLANG_WARN_QUOTED_INCLUDE_IN_FRAMEWORK_HEADER = YES;
				CLANG_WARN_RANGE_LOOP_ANALYSIS = YES;
				CLANG_WARN_STRICT_PROTOTYPES = YES;
				CLANG_WARN_SUSPICIOUS_MOVE = YES;
				CLANG_WARN_UNGUARDED_AVAILABILITY = YES_AGGRESSIVE;
				CLANG_WARN_UNREACHABLE_CODE = YES;
				CLANG_WARN__DUPLICATE_METHOD_MATCH = YES;
				COPY_PHASE_STRIP = NO;
				DEBUG_INFORMATION_FORMAT = dwarf;
				ENABLE_STRICT_OBJC_MSGSEND = YES;
				ENABLE_TESTABILITY = YES;
				GCC_C_LANGUAGE_STANDARD = gnu17;
				GCC_DYNAMIC_NO_PIC = NO;
				GCC_NO_COMMON_BLOCKS = YES;
				GCC_OPTIMIZATION_LEVEL = 0;
				GCC_PREPROCESSOR_DEFINITIONS = (
					"DEBUG=1",
					"$(inherited)",
				);
				GCC_WARN_64_TO_32_BIT_CONVERSION = YES;
				GCC_WARN_ABOUT_RETURN_TYPE = YES_ERROR;
				GCC_WARN_UNDECLARED_SELECTOR = YES;
				GCC_WARN_UNINITIALIZED_AUTOS = YES_AGGRESSIVE;
				GCC_WARN_UNUSED_FUNCTION = YES;
				GCC_WARN_UNUSED_VARIABLE = YES;
				IPHONEOS_DEPLOYMENT_TARGET = 18.0;
				MTL_ENABLE_DEBUG_INFO = INCLUDE_SOURCE;
				MTL_FAST_MATH = YES;
				ONLY_ACTIVE_ARCH = YES;
				SDKROOT = iphoneos;
				SWIFT_ACTIVE_COMPILATION_CONDITIONS = "DEBUG $(inherited)";
				SWIFT_OPTIMIZATION_LEVEL = "-Onone";
			};
			name = Debug;
		};
		700000000000000000000002 /* Release */ = {
			isa = XCBuildConfiguration;
			buildSettings = {
				ALWAYS_SEARCH_USER_PATHS = NO;
				CLANG_ANALYZER_NONNULL = YES;
				CLANG_ENABLE_MODULES = YES;
				CLANG_ENABLE_OBJC_ARC = YES;
				CLANG_WARN_BLOCK_CAPTURE_AUTORELEASING = YES;
				CLANG_WARN_BOOL_CONVERSION = YES;
				CLANG_WARN_COMMA = YES;
				CLANG_WARN_CONSTANT_CONVERSION = YES;
				CLANG_WARN_DEPRECATED_OBJC_IMPLEMENTATIONS = YES;
				CLANG_WARN_DIRECT_OBJC_ISA_USAGE = YES_ERROR;
				CLANG_WARN_DOCUMENTATION_COMMENTS = YES;
				CLANG_WARN_EMPTY_BODY = YES;
				CLANG_WARN_ENUM_CONVERSION = YES;
				CLANG_WARN_INFINITE_RECURSION = YES;
				CLANG_WARN_INT_CONVERSION = YES;
				CLANG_WARN_NON_LITERAL_NULL_CONVERSION = YES;
				CLANG_WARN_OBJC_IMPLICIT_RETAIN_SELF = YES;
				CLANG_WARN_OBJC_LITERAL_CONVERSION = YES;
				CLANG_WARN_OBJC_ROOT_CLASS = YES_ERROR;
				CLANG_WARN_QUOTED_INCLUDE_IN_FRAMEWORK_HEADER = YES;
				CLANG_WARN_RANGE_LOOP_ANALYSIS = YES;
				CLANG_WARN_STRICT_PROTOTYPES = YES;
				CLANG_WARN_SUSPICIOUS_MOVE = YES;
				CLANG_WARN_UNGUARDED_AVAILABILITY = YES_AGGRESSIVE;
				CLANG_WARN_UNREACHABLE_CODE = YES;
				CLANG_WARN__DUPLICATE_METHOD_MATCH = YES;
				COPY_PHASE_STRIP = NO;
				DEBUG_INFORMATION_FORMAT = "dwarf-with-dsym";
				ENABLE_NS_ASSERTIONS = NO;
				ENABLE_STRICT_OBJC_MSGSEND = YES;
				GCC_C_LANGUAGE_STANDARD = gnu17;
				GCC_NO_COMMON_BLOCKS = YES;
				GCC_WARN_64_TO_32_BIT_CONVERSION = YES;
				GCC_WARN_ABOUT_RETURN_TYPE = YES_ERROR;
				GCC_WARN_UNDECLARED_SELECTOR = YES;
				GCC_WARN_UNINITIALIZED_AUTOS = YES_AGGRESSIVE;
				GCC_WARN_UNUSED_FUNCTION = YES;
				GCC_WARN_UNUSED_VARIABLE = YES;
				IPHONEOS_DEPLOYMENT_TARGET = 18.0;
				MTL_ENABLE_DEBUG_INFO = NO;
				MTL_FAST_MATH = YES;
				SDKROOT = iphoneos;
				SWIFT_COMPILATION_MODE = wholemodule;
				VALIDATE_PRODUCT = YES;
			};
			name = Release;
		};
		700000000000000000000003 /* Debug */ = {
			isa = XCBuildConfiguration;
			baseConfigurationReference = 200000000000000000000018 /* Signing.xcconfig */;
			buildSettings = {
				ASSETCATALOG_COMPILER_APPICON_NAME = AppIcon;
				ASSETCATALOG_COMPILER_GLOBAL_ACCENT_COLOR_NAME = AccentColor;
				CODE_SIGN_STYLE = Automatic;
				CURRENT_PROJECT_VERSION = 1;
				ENABLE_PREVIEWS = YES;
				GENERATE_INFOPLIST_FILE = NO;
				INFOPLIST_FILE = Innercast/Info.plist;
				LD_RUNPATH_SEARCH_PATHS = (
					"$(inherited)",
					"@executable_path/Frameworks",
				);
				MARKETING_VERSION = 1.0;
				PRODUCT_NAME = "$(TARGET_NAME)";
				SUPPORTED_PLATFORMS = "iphoneos iphonesimulator";
				SUPPORTS_MACCATALYST = NO;
				SWIFT_EMIT_LOC_STRINGS = YES;
				SWIFT_VERSION = 5.0;
				TARGETED_DEVICE_FAMILY = 1;
			};
			name = Debug;
		};
		700000000000000000000004 /* Release */ = {
			isa = XCBuildConfiguration;
			baseConfigurationReference = 200000000000000000000018 /* Signing.xcconfig */;
			buildSettings = {
				ASSETCATALOG_COMPILER_APPICON_NAME = AppIcon;
				ASSETCATALOG_COMPILER_GLOBAL_ACCENT_COLOR_NAME = AccentColor;
				CODE_SIGN_STYLE = Automatic;
				CURRENT_PROJECT_VERSION = 1;
				ENABLE_PREVIEWS = YES;
				GENERATE_INFOPLIST_FILE = NO;
				INFOPLIST_FILE = Innercast/Info.plist;
				LD_RUNPATH_SEARCH_PATHS = (
					"$(inherited)",
					"@executable_path/Frameworks",
				);
				MARKETING_VERSION = 1.0;
				PRODUCT_NAME = "$(TARGET_NAME)";
				SUPPORTED_PLATFORMS = "iphoneos iphonesimulator";
				SUPPORTS_MACCATALYST = NO;
				SWIFT_EMIT_LOC_STRINGS = YES;
				SWIFT_VERSION = 5.0;
				TARGETED_DEVICE_FAMILY = 1;
			};
			name = Release;
		};
/* End XCBuildConfiguration section */

/* Begin XCConfigurationList section */
		600000000000000000000001 /* Build configuration list for PBXProject "Innercast" */ = {
			isa = XCConfigurationList;
			buildConfigurations = (
				700000000000000000000001 /* Debug */,
				700000000000000000000002 /* Release */,
			);
			defaultConfigurationIsVisible = 0;
			defaultConfigurationName = Release;
		};
		600000000000000000000002 /* Build configuration list for PBXNativeTarget "Innercast" */ = {
			isa = XCConfigurationList;
			buildConfigurations = (
				700000000000000000000003 /* Debug */,
				700000000000000000000004 /* Release */,
			);
			defaultConfigurationIsVisible = 0;
			defaultConfigurationName = Release;
		};
/* End XCConfigurationList section */
	};
	rootObject = 500000000000000000000002 /* Project object */;
}
